// !$*UTF8*$!
{
	archiveVersion = 1;
	classes = {
	};
	objectVersion = 46;
	objects = {

/* Begin PBXBuildFile section */
		CB3589391D1007400066B0F2 /* RAStoryViewController.m in Sources */ = {isa = PBXBuildFile; fileRef = CB3589381D1007400066B0F2 /* RAStoryViewController.m */; };
		CB728D231D0EA8C0008C8D5F /* main.m in Sources */ = {isa = PBXBuildFile; fileRef = CB728D221D0EA8C0008C8D5F /* main.m */; };
		CB728D2C1D0EA8C0008C8D5F /* Main.storyboard in Resources */ = {isa = PBXBuildFile; fileRef = CB728D2A1D0EA8C0008C8D5F /* Main.storyboard */; };
		CB728D311D0EA8C0008C8D5F /* Assets.xcassets in Resources */ = {isa = PBXBuildFile; fileRef = CB728D301D0EA8C0008C8D5F /* Assets.xcassets */; };
		CB728D341D0EA8C0008C8D5F /* LaunchScreen.storyboard in Resources */ = {isa = PBXBuildFile; fileRef = CB728D321D0EA8C0008C8D5F /* LaunchScreen.storyboard */; };
		CB728D3C1D0EA950008C8D5F /* stories.json in Resources */ = {isa = PBXBuildFile; fileRef = CB728D3B1D0EA950008C8D5F /* stories.json */; };
		CB728D451D0EA963008C8D5F /* AppDelegate.m in Sources */ = {isa = PBXBuildFile; fileRef = CB728D411D0EA963008C8D5F /* AppDelegate.m */; };
		CB728D481D0EA982008C8D5F /* RAHomeViewController.m in Sources */ = {isa = PBXBuildFile; fileRef = CB728D471D0EA982008C8D5F /* RAHomeViewController.m */; };
		CB728D4B1D0EB122008C8D5F /* RADatabaseManager.m in Sources */ = {isa = PBXBuildFile; fileRef = CB728D4A1D0EB122008C8D5F /* RADatabaseManager.m */; };
		CB728D4F1D0EB205008C8D5F /* RoposoApp.xcdatamodeld in Sources */ = {isa = PBXBuildFile; fileRef = CB728D4D1D0EB205008C8D5F /* RoposoApp.xcdatamodeld */; };
		CB728D541D0EB88F008C8D5F /* RAUser+CoreDataProperties.m in Sources */ = {isa = PBXBuildFile; fileRef = CB728D511D0EB88F008C8D5F /* RAUser+CoreDataProperties.m */; };
		CB728D551D0EB88F008C8D5F /* RAUser.m in Sources */ = {isa = PBXBuildFile; fileRef = CB728D531D0EB88F008C8D5F /* RAUser.m */; };
		CB728D5A1D0EB8AC008C8D5F /* RAStory+CoreDataProperties.m in Sources */ = {isa = PBXBuildFile; fileRef = CB728D571D0EB8AC008C8D5F /* RAStory+CoreDataProperties.m */; };
		CB728D5B1D0EB8AC008C8D5F /* RAStory.m in Sources */ = {isa = PBXBuildFile; fileRef = CB728D591D0EB8AC008C8D5F /* RAStory.m */; };
		CB728D601D0EDD2C008C8D5F /* RAHomeCollectionViewCell.m in Sources */ = {isa = PBXBuildFile; fileRef = CB728D5F1D0EDD2C008C8D5F /* RAHomeCollectionViewCell.m */; };
		CB728D641D0EDDAD008C8D5F /* RAWebImageView.m in Sources */ = {isa = PBXBuildFile; fileRef = CB728D631D0EDDAD008C8D5F /* RAWebImageView.m */; };
/* End PBXBuildFile section */

/* Begin PBXFileReference section */
		CB3589371D1007400066B0F2 /* RAStoryViewController.h */ = {isa = PBXFileReference; fileEncoding = 4; lastKnownFileType = sourcecode.c.h; path = RAStoryViewController.h; sourceTree = "<group>"; };
		CB3589381D1007400066B0F2 /* RAStoryViewController.m */ = {isa = PBXFileReference; fileEncoding = 4; lastKnownFileType = sourcecode.c.objc; path = RAStoryViewController.m; sourceTree = "<group>"; };
		CB728D1E1D0EA8C0008C8D5F /* RoposoApp.app */ = {isa = PBXFileReference; explicitFileType = wrapper.application; includeInIndex = 0; path = RoposoApp.app; sourceTree = BUILT_PRODUCTS_DIR; };
		CB728D221D0EA8C0008C8D5F /* main.m */ = {isa = PBXFileReference; lastKnownFileType = sourcecode.c.objc; path = main.m; sourceTree = "<group>"; };
		CB728D2B1D0EA8C0008C8D5F /* Base */ = {isa = PBXFileReference; lastKnownFileType = file.storyboard; name = Base; path = Base.lproj/Main.storyboard; sourceTree = "<group>"; };
		CB728D301D0EA8C0008C8D5F /* Assets.xcassets */ = {isa = PBXFileReference; lastKnownFileType = folder.assetcatalog; path = Assets.xcassets; sourceTree = "<group>"; };
		CB728D331D0EA8C0008C8D5F /* Base */ = {isa = PBXFileReference; lastKnownFileType = file.storyboard; name = Base; path = Base.lproj/LaunchScreen.storyboard; sourceTree = "<group>"; };
		CB728D351D0EA8C0008C8D5F /* Info.plist */ = {isa = PBXFileReference; lastKnownFileType = text.plist.xml; path = Info.plist; sourceTree = "<group>"; };
		CB728D3B1D0EA950008C8D5F /* stories.json */ = {isa = PBXFileReference; fileEncoding = 4; lastKnownFileType = text.json; path = stories.json; sourceTree = "<group>"; };
		CB728D401D0EA963008C8D5F /* AppDelegate.h */ = {isa = PBXFileReference; fileEncoding = 4; lastKnownFileType = sourcecode.c.h; path = AppDelegate.h; sourceTree = "<group>"; };
		CB728D411D0EA963008C8D5F /* AppDelegate.m */ = {isa = PBXFileReference; fileEncoding = 4; lastKnownFileType = sourcecode.c.objc; path = AppDelegate.m; sourceTree = "<group>"; };
		CB728D461D0EA982008C8D5F /* RAHomeViewController.h */ = {isa = PBXFileReference; fileEncoding = 4; lastKnownFileType = sourcecode.c.h; path = RAHomeViewController.h; sourceTree = "<group>"; };
		CB728D471D0EA982008C8D5F /* RAHomeViewController.m */ = {isa = PBXFileReference; fileEncoding = 4; lastKnownFileType = sourcecode.c.objc; path = RAHomeViewController.m; sourceTree = "<group>"; };
		CB728D491D0EB122008C8D5F /* RADatabaseManager.h */ = {isa = PBXFileReference; fileEncoding = 4; lastKnownFileType = sourcecode.c.h; path = RADatabaseManager.h; sourceTree = "<group>"; };
		CB728D4A1D0EB122008C8D5F /* RADatabaseManager.m */ = {isa = PBXFileReference; fileEncoding = 4; lastKnownFileType = sourcecode.c.objc; path = RADatabaseManager.m; sourceTree = "<group>"; };
		CB728D4E1D0EB205008C8D5F /* RoposoApp.xcdatamodel */ = {isa = PBXFileReference; lastKnownFileType = wrapper.xcdatamodel; path = RoposoApp.xcdatamodel; sourceTree = "<group>"; };
		CB728D501D0EB88F008C8D5F /* RAUser+CoreDataProperties.h */ = {isa = PBXFileReference; fileEncoding = 4; lastKnownFileType = sourcecode.c.h; path = "RAUser+CoreDataProperties.h"; sourceTree = "<group>"; };
		CB728D511D0EB88F008C8D5F /* RAUser+CoreDataProperties.m */ = {isa = PBXFileReference; fileEncoding = 4; lastKnownFileType = sourcecode.c.objc; path = "RAUser+CoreDataProperties.m"; sourceTree = "<group>"; };
		CB728D521D0EB88F008C8D5F /* RAUser.h */ = {isa = PBXFileReference; fileEncoding = 4; lastKnownFileType = sourcecode.c.h; path = RAUser.h; sourceTree = "<group>"; };
		CB728D531D0EB88F008C8D5F /* RAUser.m */ = {isa = PBXFileReference; fileEncoding = 4; lastKnownFileType = sourcecode.c.objc; path = RAUser.m; sourceTree = "<group>"; };
		CB728D561D0EB8AC008C8D5F /* RAStory+CoreDataProperties.h */ = {isa = PBXFileReference; fileEncoding = 4; lastKnownFileType = sourcecode.c.h; path = "RAStory+CoreDataProperties.h"; sourceTree = "<group>"; };
		CB728D571D0EB8AC008C8D5F /* RAStory+CoreDataProperties.m */ = {isa = PBXFileReference; fileEncoding = 4; lastKnownFileType = sourcecode.c.objc; path = "RAStory+CoreDataProperties.m"; sourceTree = "<group>"; };
		CB728D581D0EB8AC008C8D5F /* RAStory.h */ = {isa = PBXFileReference; fileEncoding = 4; lastKnownFileType = sourcecode.c.h; path = RAStory.h; sourceTree = "<group>"; };
		CB728D591D0EB8AC008C8D5F /* RAStory.m */ = {isa = PBXFileReference; fileEncoding = 4; lastKnownFileType = sourcecode.c.objc; path = RAStory.m; sourceTree = "<group>"; };
		CB728D5C1D0EBCD7008C8D5F /* RAConstants.h */ = {isa = PBXFileReference; lastKnownFileType = sourcecode.c.h; path = RAConstants.h; sourceTree = "<group>"; };
		CB728D5E1D0EDD2C008C8D5F /* RAHomeCollectionViewCell.h */ = {isa = PBXFileReference; fileEncoding = 4; lastKnownFileType = sourcecode.c.h; path = RAHomeCollectionViewCell.h; sourceTree = "<group>"; };
		CB728D5F1D0EDD2C008C8D5F /* RAHomeCollectionViewCell.m */ = {isa = PBXFileReference; fileEncoding = 4; lastKnownFileType = sourcecode.c.objc; path = RAHomeCollectionViewCell.m; sourceTree = "<group>"; };
		CB728D621D0EDDAD008C8D5F /* RAWebImageView.h */ = {isa = PBXFileReference; fileEncoding = 4; lastKnownFileType = sourcecode.c.h; path = RAWebImageView.h; sourceTree = "<group>"; };
		CB728D631D0EDDAD008C8D5F /* RAWebImageView.m */ = {isa = PBXFileReference; fileEncoding = 4; lastKnownFileType = sourcecode.c.objc; path = RAWebImageView.m; sourceTree = "<group>"; };
/* End PBXFileReference section */

/* Begin PBXFrameworksBuildPhase section */
		CB728D1B1D0EA8C0008C8D5F /* Frameworks */ = {
			isa = PBXFrameworksBuildPhase;
			buildActionMask = 2147483647;
			files = (
			);
			runOnlyForDeploymentPostprocessing = 0;
		};
/* End PBXFrameworksBuildPhase section */

/* Begin PBXGroup section */
		CB728D151D0EA8C0008C8D5F = {
			isa = PBXGroup;
			children = (
				CB728D201D0EA8C0008C8D5F /* RoposoApp */,
				CB728D1F1D0EA8C0008C8D5F /* Products */,
			);
			sourceTree = "<group>";
		};
		CB728D1F1D0EA8C0008C8D5F /* Products */ = {
			isa = PBXGroup;
			children = (
				CB728D1E1D0EA8C0008C8D5F /* RoposoApp.app */,
			);
			name = Products;
			sourceTree = "<group>";
		};
		CB728D201D0EA8C0008C8D5F /* RoposoApp */ = {
			isa = PBXGroup;
			children = (
				CB728D3D1D0EA963008C8D5F /* Classes */,
				CB728D2A1D0EA8C0008C8D5F /* Main.storyboard */,
				CB728D301D0EA8C0008C8D5F /* Assets.xcassets */,
				CB728D321D0EA8C0008C8D5F /* LaunchScreen.storyboard */,
				CB728D351D0EA8C0008C8D5F /* Info.plist */,
				CB728D3B1D0EA950008C8D5F /* stories.json */,
				CB728D211D0EA8C0008C8D5F /* Supporting Files */,
			);
			path = RoposoApp;
			sourceTree = "<group>";
		};
		CB728D211D0EA8C0008C8D5F /* Supporting Files */ = {
			isa = PBXGroup;
			children = (
				CB728D221D0EA8C0008C8D5F /* main.m */,
			);
			name = "Supporting Files";
			sourceTree = "<group>";
		};
		CB728D3D1D0EA963008C8D5F /* Classes */ = {
			isa = PBXGroup;
			children = (
				CB728D3E1D0EA963008C8D5F /* Controller */,
				CB728D431D0EA963008C8D5F /* Model */,
				CB728D441D0EA963008C8D5F /* View */,
			);
			path = Classes;
			sourceTree = "<group>";
		};
		CB728D3E1D0EA963008C8D5F /* Controller */ = {
			isa = PBXGroup;
			children = (
				CB728D3F1D0EA963008C8D5F /* General */,
				CB728D421D0EA963008C8D5F /* ViewController */,
			);
			path = Controller;
			sourceTree = "<group>";
		};
		CB728D3F1D0EA963008C8D5F /* General */ = {
			isa = PBXGroup;
			children = (
				CB728D401D0EA963008C8D5F /* AppDelegate.h */,
				CB728D411D0EA963008C8D5F /* AppDelegate.m */,
			);
			path = General;
			sourceTree = "<group>";
		};
		CB728D421D0EA963008C8D5F /* ViewController */ = {
			isa = PBXGroup;
			children = (
				CB728D461D0EA982008C8D5F /* RAHomeViewController.h */,
				CB728D471D0EA982008C8D5F /* RAHomeViewController.m */,
				CB3589371D1007400066B0F2 /* RAStoryViewController.h */,
				CB3589381D1007400066B0F2 /* RAStoryViewController.m */,
			);
			path = ViewController;
			sourceTree = "<group>";
		};
		CB728D431D0EA963008C8D5F /* Model */ = {
			isa = PBXGroup;
			children = (
				CB728D4D1D0EB205008C8D5F /* RoposoApp.xcdatamodeld */,
				CB728D491D0EB122008C8D5F /* RADatabaseManager.h */,
				CB728D4A1D0EB122008C8D5F /* RADatabaseManager.m */,
				CB728D501D0EB88F008C8D5F /* RAUser+CoreDataProperties.h */,
				CB728D511D0EB88F008C8D5F /* RAUser+CoreDataProperties.m */,
				CB728D521D0EB88F008C8D5F /* RAUser.h */,
				CB728D531D0EB88F008C8D5F /* RAUser.m */,
				CB728D561D0EB8AC008C8D5F /* RAStory+CoreDataProperties.h */,
				CB728D571D0EB8AC008C8D5F /* RAStory+CoreDataProperties.m */,
				CB728D581D0EB8AC008C8D5F /* RAStory.h */,
				CB728D591D0EB8AC008C8D5F /* RAStory.m */,
				CB728D5C1D0EBCD7008C8D5F /* RAConstants.h */,
			);
			path = Model;
			sourceTree = "<group>";
		};
		CB728D441D0EA963008C8D5F /* View */ = {
			isa = PBXGroup;
			children = (
				CB728D5D1D0ED3FA008C8D5F /* Cells */,
				CB728D611D0EDD7F008C8D5F /* Images */,
			);
			path = View;
			sourceTree = "<group>";
		};
		CB728D5D1D0ED3FA008C8D5F /* Cells */ = {
			isa = PBXGroup;
			children = (
				CB728D5E1D0EDD2C008C8D5F /* RAHomeCollectionViewCell.h */,
				CB728D5F1D0EDD2C008C8D5F /* RAHomeCollectionViewCell.m */,
			);
			path = Cells;
			sourceTree = "<group>";
		};
		CB728D611D0EDD7F008C8D5F /* Images */ = {
			isa = PBXGroup;
			children = (
				CB728D621D0EDDAD008C8D5F /* RAWebImageView.h */,
				CB728D631D0EDDAD008C8D5F /* RAWebImageView.m */,
			);
			path = Images;
			sourceTree = "<group>";
		};
/* End PBXGroup section */

/* Begin PBXNativeTarget section */
		CB728D1D1D0EA8C0008C8D5F /* RoposoApp */ = {
			isa = PBXNativeTarget;
			buildConfigurationList = CB728D381D0EA8C0008C8D5F /* Build configuration list for PBXNativeTarget "RoposoApp" */;
			buildPhases = (
				CB728D1A1D0EA8C0008C8D5F /* Sources */,
				CB728D1B1D0EA8C0008C8D5F /* Frameworks */,
				CB728D1C1D0EA8C0008C8D5F /* Resources */,
			);
			buildRules = (
			);
			dependencies = (
			);
			name = RoposoApp;
			productName = RoposoApp;
			productReference = CB728D1E1D0EA8C0008C8D5F /* RoposoApp.app */;
			productType = "com.apple.product-type.application";
		};
/* End PBXNativeTarget section */

/* Begin PBXProject section */
		CB728D161D0EA8C0008C8D5F /* Project object */ = {
			isa = PBXProject;
			attributes = {
				LastUpgradeCheck = 0730;
				ORGANIZATIONNAME = Roposo;
				TargetAttributes = {
					CB728D1D1D0EA8C0008C8D5F = {
						CreatedOnToolsVersion = 7.3;
					};
				};
			};
			buildConfigurationList = CB728D191D0EA8C0008C8D5F /* Build configuration list for PBXProject "RoposoApp" */;
			compatibilityVersion = "Xcode 3.2";
			developmentRegion = English;
			hasScannedForEncodings = 0;
			knownRegions = (
				en,
				Base,
			);
			mainGroup = CB728D151D0EA8C0008C8D5F;
			productRefGroup = CB728D1F1D0EA8C0008C8D5F /* Products */;
			projectDirPath = "";
			projectRoot = "";
			targets = (
				CB728D1D1D0EA8C0008C8D5F /* RoposoApp */,
			);
		};
/* End PBXProject section */

/* Begin PBXResourcesBuildPhase section */
		CB728D1C1D0EA8C0008C8D5F /* Resources */ = {
			isa = PBXResourcesBuildPhase;
			buildActionMask = 2147483647;
			files = (
				CB728D341D0EA8C0008C8D5F /* LaunchScreen.storyboard in Resources */,
				CB728D3C1D0EA950008C8D5F /* stories.json in Resources */,
				CB728D311D0EA8C0008C8D5F /* Assets.xcassets in Resources */,
				CB728D2C1D0EA8C0008C8D5F /* Main.storyboard in Resources */,
			);
			runOnlyForDeploymentPostprocessing = 0;
		};
/* End PBXResourcesBuildPhase section */

/* Begin PBXSourcesBuildPhase section */
		CB728D1A1D0EA8C0008C8D5F /* Sources */ = {
			isa = PBXSourcesBuildPhase;
			buildActionMask = 2147483647;
			files = (
				CB728D4F1D0EB205008C8D5F /* RoposoApp.xcdatamodeld in Sources */,
				CB3589391D1007400066B0F2 /* RAStoryViewController.m in Sources */,
				CB728D481D0EA982008C8D5F /* RAHomeViewController.m in Sources */,
				CB728D4B1D0EB122008C8D5F /* RADatabaseManager.m in Sources */,
				CB728D541D0EB88F008C8D5F /* RAUser+CoreDataProperties.m in Sources */,
				CB728D551D0EB88F008C8D5F /* RAUser.m in Sources */,
				CB728D231D0EA8C0008C8D5F /* main.m in Sources */,
				CB728D5B1D0EB8AC008C8D5F /* RAStory.m in Sources */,
				CB728D5A1D0EB8AC008C8D5F /* RAStory+CoreDataProperties.m in Sources */,
				CB728D641D0EDDAD008C8D5F /* RAWebImageView.m in Sources */,
				CB728D601D0EDD2C008C8D5F /* RAHomeCollectionViewCell.m in Sources */,
				CB728D451D0EA963008C8D5F /* AppDelegate.m in Sources */,
			);
			runOnlyForDeploymentPostprocessing = 0;
		};
/* End PBXSourcesBuildPhase section */

/* Begin PBXVariantGroup section */
		CB728D2A1D0EA8C0008C8D5F /* Main.storyboard */ = {
			isa = PBXVariantGroup;
			children = (
				CB728D2B1D0EA8C0008C8D5F /* Base */,
			);
			name = Main.storyboard;
			sourceTree = "<group>";
		};
		CB728D321D0EA8C0008C8D5F /* LaunchScreen.storyboard */ = {
			isa = PBXVariantGroup;
			children = (
				CB728D331D0EA8C0008C8D5F /* Base */,
			);
			name = LaunchScreen.storyboard;
			sourceTree = "<group>";
		};
/* End PBXVariantGroup section */

/* Begin XCBuildConfiguration section */
		CB728D361D0EA8C0008C8D5F /* Debug */ = {
			isa = XCBuildConfiguration;
			buildSettings = {
				ALWAYS_SEARCH_USER_PATHS = NO;
				CLANG_ANALYZER_NONNULL = YES;
				CLANG_CXX_LANGUAGE_STANDARD = "gnu++0x";
				CLANG_CXX_LIBRARY = "libc++";
				CLANG_ENABLE_MODULES = YES;
				CLANG_ENABLE_OBJC_ARC = YES;
				CLANG_WARN_BOOL_CONVERSION = YES;
				CLANG_WARN_CONSTANT_CONVERSION = YES;
				CLANG_WARN_DIRECT_OBJC_ISA_USAGE = YES_ERROR;
				CLANG_WARN_EMPTY_BODY = YES;
				CLANG_WARN_ENUM_CONVERSION = YES;
				CLANG_WARN_INT_CONVERSION = YES;
				CLANG_WARN_OBJC_ROOT_CLASS = YES_ERROR;
				CLANG_WARN_UNREACHABLE_CODE = YES;
				CLANG_WARN__DUPLICATE_METHOD_MATCH = YES;
				"CODE_SIGN_IDENTITY[sdk=iphoneos*]" = "iPhone Developer";
				COPY_PHASE_STRIP = NO;
				DEBUG_INFORMATION_FORMAT = dwarf;
				ENABLE_STRICT_OBJC_MSGSEND = YES;
				ENABLE_TESTABILITY = YES;
				GCC_C_LANGUAGE_STANDARD = gnu99;
				GCC_DYNAMIC_NO_PIC = NO;
				GCC_NO_COMMON_BLOCKS = YES;
				GCC_OPTIMIZATION_LEVEL = 0;
				GCC_PREPROCESSOR_DEFINITIONS = (
					"DEBUG=1",
					"$(inherited)",
				);
				GCC_WARN_64_TO_32_BIT_CONVERSION = YES;
				GCC_WARN_ABOUT_RETURN_TYPE = YES_ERROR;
				GCC_WARN_UNDECLARED_SELECTOR = YES;
				GCC_WARN_UNINITIALIZED_AUTOS = YES_AGGRESSIVE;
				GCC_WARN_UNUSED_FUNCTION = YES;
				GCC_WARN_UNUSED_VARIABLE = YES;
				IPHONEOS_DEPLOYMENT_TARGET = 9.3;
				MTL_ENABLE_DEBUG_INFO = YES;
				ONLY_ACTIVE_ARCH = YES;
				SDKROOT = iphoneos;
			};
			name = Debug;
		};
		CB728D371D0EA8C0008C8D5F /* Release */ = {
			isa = XCBuildConfiguration;
			buildSettings = {
				ALWAYS_SEARCH_USER_PATHS = NO;
				CLANG_ANALYZER_NONNULL = YES;
				CLANG_CXX_LANGUAGE_STANDARD = "gnu++0x";
				CLANG_CXX_LIBRARY = "libc++";
				CLANG_ENABLE_MODULES = YES;
				CLANG_ENABLE_OBJC_ARC = YES;
				CLANG_WARN_BOOL_CONVERSION = YES;
				CLANG_WARN_CONSTANT_CONVERSION = YES;
				CLANG_WARN_DIRECT_OBJC_ISA_USAGE = YES_ERROR;
				CLANG_WARN_EMPTY_BODY = YES;
				CLANG_WARN_ENUM_CONVERSION = YES;
				CLANG_WARN_INT_CONVERSION = YES;
				CLANG_WARN_OBJC_ROOT_CLASS = YES_ERROR;
				CLANG_WARN_UNREACHABLE_CODE = YES;
				CLANG_WARN__DUPLICATE_METHOD_MATCH = YES;
				"CODE_SIGN_IDENTITY[sdk=iphoneos*]" = "iPhone Developer";
				COPY_PHASE_STRIP = NO;
				DEBUG_INFORMATION_FORMAT = "dwarf-with-dsym";
				ENABLE_NS_ASSERTIONS = NO;
				ENABLE_STRICT_OBJC_MSGSEND = YES;
				GCC_C_LANGUAGE_STANDARD = gnu99;
				GCC_NO_COMMON_BLOCKS = YES;
				GCC_WARN_64_TO_32_BIT_CONVERSION = YES;
				GCC_WARN_ABOUT_RETURN_TYPE = YES_ERROR;
				GCC_WARN_UNDECLARED_SELECTOR = YES;
				GCC_WARN_UNINITIALIZED_AUTOS = YES_AGGRESSIVE;
				GCC_WARN_UNUSED_FUNCTION = YES;
				GCC_WARN_UNUSED_VARIABLE = YES;
				IPHONEOS_DEPLOYMENT_TARGET = 9.3;
				MTL_ENABLE_DEBUG_INFO = NO;
				SDKROOT = iphoneos;
				VALIDATE_PRODUCT = YES;
			};
			name = Release;
		};
		CB728D391D0EA8C0008C8D5F /* Debug */ = {
			isa = XCBuildConfiguration;
			buildSettings = {
				ASSETCATALOG_COMPILER_APPICON_NAME = AppIcon;
				INFOPLIST_FILE = RoposoApp/Info.plist;
				LD_RUNPATH_SEARCH_PATHS = "$(inherited) @executable_path/Frameworks";
				PRODUCT_BUNDLE_IDENTIFIER = com.roposo.RoposoApp;
				PRODUCT_NAME = "$(TARGET_NAME)";
			};
			name = Debug;
		};
		CB728D3A1D0EA8C0008C8D5F /* Release */ = {
			isa = XCBuildConfiguration;
			buildSettings = {
				ASSETCATALOG_COMPILER_APPICON_NAME = AppIcon;
				INFOPLIST_FILE = RoposoApp/Info.plist;
				LD_RUNPATH_SEARCH_PATHS = "$(inherited) @executable_path/Frameworks";
				PRODUCT_BUNDLE_IDENTIFIER = com.roposo.RoposoApp;
				PRODUCT_NAME = "$(TARGET_NAME)";
			};
			name = Release;
		};
/* End XCBuildConfiguration section */

/* Begin XCConfigurationList section */
		CB728D191D0EA8C0008C8D5F /* Build configuration list for PBXProject "RoposoApp" */ = {
			isa = XCConfigurationList;
			buildConfigurations = (
				CB728D361D0EA8C0008C8D5F /* Debug */,
				CB728D371D0EA8C0008C8D5F /* Release */,
			);
			defaultConfigurationIsVisible = 0;
			defaultConfigurationName = Release;
		};
		CB728D381D0EA8C0008C8D5F /* Build configuration list for PBXNativeTarget "RoposoApp" */ = {
			isa = XCConfigurationList;
			buildConfigurations = (
				CB728D391D0EA8C0008C8D5F /* Debug */,
				CB728D3A1D0EA8C0008C8D5F /* Release */,
			);
			defaultConfigurationIsVisible = 0;
			defaultConfigurationName = Release;
		};
/* End XCConfigurationList section */

/* Begin XCVersionGroup section */
		CB728D4D1D0EB205008C8D5F /* RoposoApp.xcdatamodeld */ = {
			isa = XCVersionGroup;
			children = (
				CB728D4E1D0EB205008C8D5F /* RoposoApp.xcdatamodel */,
			);
			currentVersion = CB728D4E1D0EB205008C8D5F /* RoposoApp.xcdatamodel */;
			path = RoposoApp.xcdatamodeld;
			sourceTree = "<group>";
			versionGroupType = wrapper.xcdatamodel;
		};
/* End XCVersionGroup section */
	};
	rootObject = CB728D161D0EA8C0008C8D5F /* Project object */;
}
